
Microsoft Visual Studio Solution File, Format Version 12.00
Project("{FAE04EC0-301F-11D3-BF4B-00C04F79EFBC}") = "MistWX-i2Me", "MistWX-i2Me.csproj", "{308EFE4D-B2F6-45AD-B2D8-09B673DEB2DB}"
EndProject
Global
	GlobalSection(SolutionConfigurationPlatforms) = preSolution
		Debug|Any CPU = Debug|Any CPU
		Release|Any CPU = Release|Any CPU
	EndGlobalSection
	GlobalSection(ProjectConfigurationPlatforms) = postSolution
		{308EFE4D-B2F6-45AD-B2D8-09B673DEB2DB}.Debug|Any CPU.ActiveCfg = Debug|Any CPU
		{308EFE4D-B2F6-45AD-B2D8-09B673DEB2DB}.Debug|Any CPU.Build.0 = Debug|Any CPU
		{308EFE4D-B2F6-45AD-B2D8-09B673DEB2DB}.Release|Any CPU.ActiveCfg = Release|Any CPU
		{308EFE4D-B2F6-45AD-B2D8-09B673DEB2DB}.Release|Any CPU.Build.0 = Release|Any CPU
	EndGlobalSection
EndGlobal
